
Microsoft Visual Studio Solution File, Format Version 12.00
# Visual Studio Version 17
VisualStudioVersion = 17.9.34902.65
MinimumVisualStudioVersion = 10.0.40219.1
Project("{FAE04EC0-301F-11D3-BF4B-00C04F79EFBC}") = "SimpleWebSocketServer.SIBS.Server", "SimpleWebSocketServer.SIBS.Server\SimpleWebSocketServer.SIBS.Server.csproj", "{EAFF0FD9-DFE1-4577-8488-38F569135B2E}"
EndProject
Project("{FAE04EC0-301F-11D3-BF4B-00C04F79EFBC}") = "SimpleWebSocketServer.SIBS.Server.Service", "SimpleWebSocketServer.SIBS.Server.Service\SimpleWebSocketServer.SIBS.Server.Service.csproj", "{60CCCAD3-327B-4C87-B0AA-320EF58021EA}"
EndProject
Global
	GlobalSection(SolutionConfigurationPlatforms) = preSolution
		Debug|Any CPU = Debug|Any CPU
		Release|Any CPU = Release|Any CPU
	EndGlobalSection
	GlobalSection(ProjectConfigurationPlatforms) = postSolution
		{EAFF0FD9-DFE1-4577-8488-38F569135B2E}.Debug|Any CPU.ActiveCfg = Debug|Any CPU
		{EAFF0FD9-DFE1-4577-8488-38F569135B2E}.Debug|Any CPU.Build.0 = Debug|Any CPU
		{EAFF0FD9-DFE1-4577-8488-38F569135B2E}.Release|Any CPU.ActiveCfg = Release|Any CPU
		{EAFF0FD9-DFE1-4577-8488-38F569135B2E}.Release|Any CPU.Build.0 = Release|Any CPU
		{60CCCAD3-327B-4C87-B0AA-320EF58021EA}.Debug|Any CPU.ActiveCfg = Debug|Any CPU
		{60CCCAD3-327B-4C87-B0AA-320EF58021EA}.Debug|Any CPU.Build.0 = Debug|Any CPU
		{60CCCAD3-327B-4C87-B0AA-320EF58021EA}.Release|Any CPU.ActiveCfg = Release|Any CPU
		{60CCCAD3-327B-4C87-B0AA-320EF58021EA}.Release|Any CPU.Build.0 = Release|Any CPU
	EndGlobalSection
	GlobalSection(SolutionProperties) = preSolution
		HideSolutionNode = FALSE
	EndGlobalSection
	GlobalSection(ExtensibilityGlobals) = postSolution
		SolutionGuid = {F524B1B9-ECB0-459F-8308-1AAF7A53F0D1}
	EndGlobalSection
EndGlobal
